{
  "name": "web",
  "version": "1.0.0",
  "lockfileVersion": 1,
  "requires": true,
  "dependencies": {
    "adler-32": {
      "version": "1.2.0",
      "resolved": "https://registry.npmjs.org/adler-32/-/adler-32-1.2.0.tgz",
      "integrity": "sha1-aj5r8KY5ALoVZSgIyxXGgT0aXyU=",
      "requires": {
        "exit-on-epipe": "1.0.1",
        "printj": "1.1.2"
      }
    },
    "angular": {
      "version": "1.7.7",
      "resolved": "https://registry.npmjs.org/angular/-/angular-1.7.7.tgz",
      "integrity": "sha512-MH3JEGd8y/EkNCKJ8EV6Ch0j9X0rZTta/QVIDpBWaIdfh85/e5KO8+ZKgvWIb02MQuiS20pDFmMFlv4ZaLcLWg=="
    },
    "angular-animate": {
      "version": "1.7.7",
      "resolved": "https://registry.npmjs.org/angular-animate/-/angular-animate-1.7.7.tgz",
      "integrity": "sha512-KLbU9gtgCyNSaMZKnNe9Yi6UTlDMN2EWyokQ06TG5fbDWOePm+kv2xqeUg1S2h+ZLjK0NnoVDIvwDhVQ+AWAag=="
    },
    "angular-aria": {
      "version": "1.7.7",
      "resolved": "https://registry.npmjs.org/angular-aria/-/angular-aria-1.7.7.tgz",
      "integrity": "sha512-Jju0VudfKVp+6FUtfzpDBuOJE8+8cGPSM10nRicXvJRX/Nx/YOu38f2aL3HQwThrRK+3E5jfo7yRwVNYoSmSxg=="
    },
    "angular-material": {
      "version": "1.1.12",
      "resolved": "https://registry.npmjs.org/angular-material/-/angular-material-1.1.12.tgz",
      "integrity": "sha512-hvYgVSAxmXy+ozm+FcdGrTrBKm/TLubCgJ8xZR3LNYYmLfsIfzh4Eyk87inmTCXS02KYL0EX2dUeiVmanHlIaQ=="
    },
    "angular-messages": {
      "version": "1.7.7",
      "resolved": "https://registry.npmjs.org/angular-messages/-/angular-messages-1.7.7.tgz",
      "integrity": "sha512-XaMD6T0DSQy+6XZUUh0FARvwdwKUgWv4ea/x49Jd1q60dNA1FfJ5hCBDZcRYNQn+Q4Z0Mbjo8uRILywW4zIUhA=="
    },
    "angular-route": {
      "version": "1.7.7",
      "resolved": "https://registry.npmjs.org/angular-route/-/angular-route-1.7.7.tgz",
      "integrity": "sha512-nshsCti751h8GfvYQ2nlTbQnaY/q5zvxLctj78sS5SjB8iRDqNbT1NVNz8B/nDQUudjc7etE7xYaTdM8idzq6g=="
    },
    "angular-sanitize": {
      "version": "1.7.7",
      "resolved": "https://registry.npmjs.org/angular-sanitize/-/angular-sanitize-1.7.7.tgz",
      "integrity": "sha512-DZ0kidLOOrq/mbqwKbeT2aSlT2Kdy25tZh5KcWOrRXx26imbhQfwbuncMYMFh7uPqfWySAI534+XhjnmhJ626Q=="
    },
    "angular-ui-grid": {
      "version": "4.7.1",
      "resolved": "https://registry.npmjs.org/angular-ui-grid/-/angular-ui-grid-4.7.1.tgz",
      "integrity": "sha512-lAKn6xhniVyriuEZP3zFRkIBiNho6MC0pQ9fqvT2CmS6oR2GmhCUgdzICqiM9AvwrA8HgHj3btz2yeG2ou+Nkg==",
      "requires": {
        "angular": "1.7.7"
      }
    },
    "bootstrap": {
      "version": "4.3.1",
      "resolved": "https://registry.npmjs.org/bootstrap/-/bootstrap-4.3.1.tgz",
      "integrity": "sha512-rXqOmH1VilAt2DyPzluTi2blhk17bO7ef+zLLPlWvG494pDxcM234pJ8wTc/6R40UWizAIIMgxjvxZg5kmsbag=="
    },
    "cfb": {
      "version": "1.1.0",
      "resolved": "https://registry.npmjs.org/cfb/-/cfb-1.1.0.tgz",
      "integrity": "sha512-ZqfxNGWTMKhd0a/n6YKJLq8hWbd5kR3cA4kXwUj9vVEdHlwJ09werR8gN15Z7Y1FTXqdD6dE3GGCxv4uc28raA==",
      "requires": {
        "adler-32": "1.2.0",
        "commander": "2.17.1",
        "crc-32": "1.2.0",
        "printj": "1.1.2"
      }
    },
    "codepage": {
      "version": "1.14.0",
      "resolved": "https://registry.npmjs.org/codepage/-/codepage-1.14.0.tgz",
      "integrity": "sha1-jL4lSBMjVZ19MHVxsP/5HnodL5k=",
      "requires": {
        "commander": "2.14.1",
        "exit-on-epipe": "1.0.1"
      },
      "dependencies": {
        "commander": {
          "version": "2.14.1",
          "resolved": "https://registry.npmjs.org/commander/-/commander-2.14.1.tgz",
          "integrity": "sha512-+YR16o3rK53SmWHU3rEM3tPAh2rwb1yPcQX5irVn7mb0gXbwuCCrnkbV5+PBfETdfg1vui07nM6PCG1zndcjQw=="
        }
      }
    },
    "commander": {
      "version": "2.17.1",
      "resolved": "https://registry.npmjs.org/commander/-/commander-2.17.1.tgz",
      "integrity": "sha512-wPMUt6FnH2yzG95SA6mzjQOEKUU3aLaDEmzs1ti+1E9h+CsrZghRlqEM/EJ4KscsQVG8uNN4uVreUeT8+drlgg=="
    },
    "crc-32": {
      "version": "1.2.0",
      "resolved": "https://registry.npmjs.org/crc-32/-/crc-32-1.2.0.tgz",
      "integrity": "sha512-1uBwHxF+Y/4yF5G48fwnKq6QsIXheor3ZLPT80yGBV1oEUwpPojlEhQbWKVw1VwcTQyMGHK1/XMmTjmlsmTTGA==",
      "requires": {
        "exit-on-epipe": "1.0.1",
        "printj": "1.1.2"
      }
    },
    "datatables.net": {
      "version": "1.10.19",
      "resolved": "https://registry.npmjs.org/datatables.net/-/datatables.net-1.10.19.tgz",
      "integrity": "sha512-+ljXcI6Pj3PTGy5pesp3E5Dr3x3AV45EZe0o1r0gKENN2gafBKXodVnk2ypKwl2tTmivjxbkiqoWnipTefyBTA==",
      "requires": {
        "jquery": "3.3.1"
      }
    },
    "datatables.net-bs4": {
      "version": "1.10.19",
      "resolved": "https://registry.npmjs.org/datatables.net-bs4/-/datatables.net-bs4-1.10.19.tgz",
      "integrity": "sha512-pgeP17w4aPR7HIxIwuJghfqXULjdg1K6xMUUKDyCERJRSNNK4MRToFfELtIsluLNN555YBK4Kx8nihX5/ZT1Fw==",
      "requires": {
        "datatables.net": "1.10.19",
        "jquery": "3.3.1"
      }
    },
    "datatables.net-dt": {
      "version": "1.10.19",
      "resolved": "https://registry.npmjs.org/datatables.net-dt/-/datatables.net-dt-1.10.19.tgz",
      "integrity": "sha512-joFHYjLYvr9VnC9Fx3e+8jtXnQ/fP/mPFWt9p0NhZ3Zm5N0jlYyWhJQbnLkihOLuDcDFMaGdBQSvmIdTVdgGyw==",
      "requires": {
        "datatables.net": "1.10.19",
        "jquery": "3.3.1"
      }
    },
    "exit-on-epipe": {
      "version": "1.0.1",
      "resolved": "https://registry.npmjs.org/exit-on-epipe/-/exit-on-epipe-1.0.1.tgz",
      "integrity": "sha512-h2z5mrROTxce56S+pnvAV890uu7ls7f1kEvVGJbw1OlFH3/mlJ5bkXu0KRyW94v37zzHPiUd55iLn3DA7TjWpw=="
    },
    "frac": {
      "version": "1.1.2",
      "resolved": "https://registry.npmjs.org/frac/-/frac-1.1.2.tgz",
      "integrity": "sha512-w/XBfkibaTl3YDqASwfDUqkna4Z2p9cFSr1aHDt0WoMTECnRfBOv2WArlZILlqgWlmdIlALXGpM2AOhEk5W3IA=="
    },
    "jquery": {
      "version": "3.3.1",
      "resolved": "https://registry.npmjs.org/jquery/-/jquery-3.3.1.tgz",
      "integrity": "sha512-Ubldcmxp5np52/ENotGxlLe6aGMvmF4R8S6tZjsP6Knsaxd/xp3Zrh50cG93lR6nPXyUFwzN3ZSOQI0wRJNdGg=="
    },
    "moment": {
      "version": "2.24.0",
      "resolved": "https://registry.npmjs.org/moment/-/moment-2.24.0.tgz",
      "integrity": "sha512-bV7f+6l2QigeBBZSM/6yTNq4P2fNpSWj/0e7jQcy87A8e7o2nAfP/34/2ky5Vw4B9S446EtIhodAzkFCcR4dQg=="
    },
    "papaparse": {
      "version": "4.6.3",
      "resolved": "https://registry.npmjs.org/papaparse/-/papaparse-4.6.3.tgz",
      "integrity": "sha512-LRq7BrHC2kHPBYSD50aKuw/B/dGcg29omyJbKWY3KsYUZU69RKwaBHu13jGmCYBtOc4odsLCrFyk6imfyNubJQ=="
    },
    "popper.js": {
      "version": "1.14.7",
      "resolved": "https://registry.npmjs.org/popper.js/-/popper.js-1.14.7.tgz",
      "integrity": "sha512-4q1hNvoUre/8srWsH7hnoSJ5xVmIL4qgz+s4qf2TnJIMyZFUFMGH+9vE7mXynAlHSZ/NdTmmow86muD0myUkVQ=="
    },
    "printj": {
      "version": "1.1.2",
      "resolved": "https://registry.npmjs.org/printj/-/printj-1.1.2.tgz",
      "integrity": "sha512-zA2SmoLaxZyArQTOPj5LXecR+RagfPSU5Kw1qP+jkWeNlrq+eJZyY2oS68SU1Z/7/myXM4lo9716laOFAVStCQ=="
    },
    "ssf": {
      "version": "0.10.2",
      "resolved": "https://registry.npmjs.org/ssf/-/ssf-0.10.2.tgz",
      "integrity": "sha512-rDhAPm9WyIsY8eZEKyE8Qsotb3j/wBdvMWBUsOhJdfhKGLfQidRjiBUV0y/MkyCLiXQ38FG6LWW/VYUtqlIDZQ==",
      "requires": {
        "frac": "1.1.2"
      }
    },
    "xlsx": {
      "version": "0.14.2",
      "resolved": "https://registry.npmjs.org/xlsx/-/xlsx-0.14.2.tgz",
      "integrity": "sha512-6+4TkmU34s1p/qsl8omWSEOa7pOtWlw4SuRJH/FGRk3iF/gcvSWGgCI1L28NaSDx2tI82aeq2SPY+xeFQJD27A==",
      "requires": {
        "adler-32": "1.2.0",
        "cfb": "1.1.0",
        "codepage": "1.14.0",
        "commander": "2.17.1",
        "crc-32": "1.2.0",
        "exit-on-epipe": "1.0.1",
        "ssf": "0.10.2"
      }
    }
  }
}
